// !$*UTF8*$!
{
	archiveVersion = 1;
	classes = {
	};
	objectVersion = 56;
	objects = {

/* Begin PBXBuildFile section */
		352307D5A37BB4948F250DC2 /* Pods_SecondHandMarketTests.framework in Frameworks */ = {isa = PBXBuildFile; fileRef = 7D751209DDE6D59587269BC0 /* Pods_SecondHandMarketTests.framework */; };
		8D80BCA24ECD1AE5F96F4505 /* Pods_SecondHandMarket_SecondHandMarketUITests.framework in Frameworks */ = {isa = PBXBuildFile; fileRef = 733A1DE59B3BD3DE78792983 /* Pods_SecondHandMarket_SecondHandMarketUITests.framework */; };
		9C457B212B961CB700311DB9 /* LoginViewController.swift in Sources */ = {isa = PBXBuildFile; fileRef = 9C457B202B961CB700311DB9 /* LoginViewController.swift */; };
		9C457B2C2B973BA500311DB9 /* RxCocoa in Frameworks */ = {isa = PBXBuildFile; productRef = 9C457B2B2B973BA500311DB9 /* RxCocoa */; };
		9C457B2E2B973BA500311DB9 /* RxRelay in Frameworks */ = {isa = PBXBuildFile; productRef = 9C457B2D2B973BA500311DB9 /* RxRelay */; };
		9C457B302B973BA500311DB9 /* RxSwift in Frameworks */ = {isa = PBXBuildFile; productRef = 9C457B2F2B973BA500311DB9 /* RxSwift */; };
		9C5A9B0C2B987BC800F94231 /* SignUpViewController.swift in Sources */ = {isa = PBXBuildFile; fileRef = 9C5A9B0B2B987BC800F94231 /* SignUpViewController.swift */; };
		9C5A9B0E2B98841200F94231 /* SignUpReactor.swift in Sources */ = {isa = PBXBuildFile; fileRef = 9C5A9B0D2B98841200F94231 /* SignUpReactor.swift */; };
		9C5A9B122B9888C000F94231 /* Realm in Frameworks */ = {isa = PBXBuildFile; productRef = 9C5A9B112B9888C000F94231 /* Realm */; };
		9C5A9B142B9888C000F94231 /* RealmSwift in Frameworks */ = {isa = PBXBuildFile; productRef = 9C5A9B132B9888C000F94231 /* RealmSwift */; };
		9C5A9B162B98892700F94231 /* Realm.swift in Sources */ = {isa = PBXBuildFile; fileRef = 9C5A9B152B98892700F94231 /* Realm.swift */; };
		9C5A9B192B98A10800F94231 /* SwiftMessages in Frameworks */ = {isa = PBXBuildFile; productRef = 9C5A9B182B98A10800F94231 /* SwiftMessages */; };
		9C5A9B1B2B98A10800F94231 /* SwiftMessages-Dynamic in Frameworks */ = {isa = PBXBuildFile; productRef = 9C5A9B1A2B98A10800F94231 /* SwiftMessages-Dynamic */; };
		9C5A9B1E2B9F1FF400F94231 /* Lottie in Frameworks */ = {isa = PBXBuildFile; productRef = 9C5A9B1D2B9F1FF400F94231 /* Lottie */; };
		9C5A9B212B9F205300F94231 /* location.json in Resources */ = {isa = PBXBuildFile; fileRef = 9C5A9B202B9F205300F94231 /* location.json */; };
		9C5A9B252B9F212900F94231 /* LocationViewController.swift in Sources */ = {isa = PBXBuildFile; fileRef = 9C5A9B242B9F212900F94231 /* LocationViewController.swift */; };
		9C5A9B272B9F27BE00F94231 /* LocationReactor.swift in Sources */ = {isa = PBXBuildFile; fileRef = 9C5A9B262B9F27BE00F94231 /* LocationReactor.swift */; };
		9C5A9B292B9F30E100F94231 /* NaverMapViewController.swift in Sources */ = {isa = PBXBuildFile; fileRef = 9C5A9B282B9F30E100F94231 /* NaverMapViewController.swift */; };
		9C5A9B2B2BA060A200F94231 /* ZipCodeViewController.swift in Sources */ = {isa = PBXBuildFile; fileRef = 9C5A9B2A2BA060A200F94231 /* ZipCodeViewController.swift */; };
		9C84AC842BA083080029BA31 /* HomeViewController.swift in Sources */ = {isa = PBXBuildFile; fileRef = 9C84AC832BA083080029BA31 /* HomeViewController.swift */; };
		9C84AC862BA32F520029BA31 /* ProductCell.swift in Sources */ = {isa = PBXBuildFile; fileRef = 9C84AC852BA32F520029BA31 /* ProductCell.swift */; };
		9C84AC882BA3349F0029BA31 /* AddProductViewController.swift in Sources */ = {isa = PBXBuildFile; fileRef = 9C84AC872BA3349F0029BA31 /* AddProductViewController.swift */; };
		9C84AC8A2BA342310029BA31 /* AddProductReactor.swift in Sources */ = {isa = PBXBuildFile; fileRef = 9C84AC892BA342310029BA31 /* AddProductReactor.swift */; };
		9C84AC8C2BA34B760029BA31 /* HomeViewReactor.swift in Sources */ = {isa = PBXBuildFile; fileRef = 9C84AC8B2BA34B760029BA31 /* HomeViewReactor.swift */; };
		9C84AC8F2BAADE590029BA31 /* GoogleService-Info.plist in Resources */ = {isa = PBXBuildFile; fileRef = 9C84AC8E2BAADE590029BA31 /* GoogleService-Info.plist */; };
		9C84AC922BAADE8F0029BA31 /* FirebaseAnalytics in Frameworks */ = {isa = PBXBuildFile; productRef = 9C84AC912BAADE8F0029BA31 /* FirebaseAnalytics */; };
		9C84AC942BB2E0E50029BA31 /* FirebaseAuth in Frameworks */ = {isa = PBXBuildFile; productRef = 9C84AC932BB2E0E50029BA31 /* FirebaseAuth */; };
		9C84AC962BB2E2E20029BA31 /* FirebaseFirestore in Frameworks */ = {isa = PBXBuildFile; productRef = 9C84AC952BB2E2E20029BA31 /* FirebaseFirestore */; };
		9C84AC982BB2E2E20029BA31 /* FirebaseFirestoreCombine-Community in Frameworks */ = {isa = PBXBuildFile; productRef = 9C84AC972BB2E2E20029BA31 /* FirebaseFirestoreCombine-Community */; };
		9C84AC9A2BB2EDD20029BA31 /* User.swift in Sources */ = {isa = PBXBuildFile; fileRef = 9C84AC992BB2EDD20029BA31 /* User.swift */; };
		9C84AC9C2BB447100029BA31 /* FirebaseStorage in Frameworks */ = {isa = PBXBuildFile; productRef = 9C84AC9B2BB447100029BA31 /* FirebaseStorage */; };
		9C84AC9E2BB459B30029BA31 /* Product.swift in Sources */ = {isa = PBXBuildFile; fileRef = 9C84AC9D2BB459B30029BA31 /* Product.swift */; };
		9C84ACA12BC936660029BA31 /* UserAPI.swift in Sources */ = {isa = PBXBuildFile; fileRef = 9C84ACA02BC936660029BA31 /* UserAPI.swift */; };
		9C84ACA42BC93EEE0029BA31 /* CommonUtility.swift in Sources */ = {isa = PBXBuildFile; fileRef = 9C84ACA32BC93EEE0029BA31 /* CommonUtility.swift */; };
		9C84ACA82BC948390029BA31 /* BaseViewController.swift in Sources */ = {isa = PBXBuildFile; fileRef = 9C84ACA72BC948390029BA31 /* BaseViewController.swift */; };
		9CBA44F22B95CA8C00951D93 /* AppDelegate.swift in Sources */ = {isa = PBXBuildFile; fileRef = 9CBA44F12B95CA8C00951D93 /* AppDelegate.swift */; };
		9CBA44F42B95CA8C00951D93 /* SceneDelegate.swift in Sources */ = {isa = PBXBuildFile; fileRef = 9CBA44F32B95CA8C00951D93 /* SceneDelegate.swift */; };
		9CBA44F92B95CA8C00951D93 /* Main.storyboard in Resources */ = {isa = PBXBuildFile; fileRef = 9CBA44F72B95CA8C00951D93 /* Main.storyboard */; };
		9CBA44FB2B95CA8D00951D93 /* Assets.xcassets in Resources */ = {isa = PBXBuildFile; fileRef = 9CBA44FA2B95CA8D00951D93 /* Assets.xcassets */; };
		9CBA44FE2B95CA8D00951D93 /* LaunchScreen.storyboard in Resources */ = {isa = PBXBuildFile; fileRef = 9CBA44FC2B95CA8D00951D93 /* LaunchScreen.storyboard */; };
		9CBA45092B95CA8D00951D93 /* SecondHandMarketTests.swift in Sources */ = {isa = PBXBuildFile; fileRef = 9CBA45082B95CA8D00951D93 /* SecondHandMarketTests.swift */; };
		9CBA45132B95CA8D00951D93 /* SecondHandMarketUITests.swift in Sources */ = {isa = PBXBuildFile; fileRef = 9CBA45122B95CA8D00951D93 /* SecondHandMarketUITests.swift */; };
		9CBA45152B95CA8D00951D93 /* SecondHandMarketUITestsLaunchTests.swift in Sources */ = {isa = PBXBuildFile; fileRef = 9CBA45142B95CA8D00951D93 /* SecondHandMarketUITestsLaunchTests.swift */; };
		9CBA45272B95ED5900951D93 /* maplestorylight.ttf in Resources */ = {isa = PBXBuildFile; fileRef = 9CBA45252B95ED5900951D93 /* maplestorylight.ttf */; };
		9CBA45282B95ED5900951D93 /* maplestorybold.ttf in Resources */ = {isa = PBXBuildFile; fileRef = 9CBA45262B95ED5900951D93 /* maplestorybold.ttf */; };
		9CBA452C2B95EEDD00951D93 /* logo.png in Resources */ = {isa = PBXBuildFile; fileRef = 9CBA452A2B95EEDD00951D93 /* logo.png */; };
		9CBA452D2B95EEDD00951D93 /* marker_icon.png in Resources */ = {isa = PBXBuildFile; fileRef = 9CBA452B2B95EEDD00951D93 /* marker_icon.png */; };
		9CBA45302B960B0200951D93 /* ReactorKit in Frameworks */ = {isa = PBXBuildFile; productRef = 9CBA452F2B960B0200951D93 /* ReactorKit */; };
		9CBA45332B960B4900951D93 /* LoginReactor.swift in Sources */ = {isa = PBXBuildFile; fileRef = 9CBA45322B960B4900951D93 /* LoginReactor.swift */; };
		F964006009EF66FE7112A233 /* Pods_SecondHandMarket.framework in Frameworks */ = {isa = PBXBuildFile; fileRef = 91CBE898482093830B4D5D85 /* Pods_SecondHandMarket.framework */; };
/* End PBXBuildFile section */

/* Begin PBXContainerItemProxy section */
		9CBA45052B95CA8D00951D93 /* PBXContainerItemProxy */ = {
			isa = PBXContainerItemProxy;
			containerPortal = 9CBA44E62B95CA8C00951D93 /* Project object */;
			proxyType = 1;
			remoteGlobalIDString = 9CBA44ED2B95CA8C00951D93;
			remoteInfo = SecondHandMarket;
		};
		9CBA450F2B95CA8D00951D93 /* PBXContainerItemProxy */ = {
			isa = PBXContainerItemProxy;
			containerPortal = 9CBA44E62B95CA8C00951D93 /* Project object */;
			proxyType = 1;
			remoteGlobalIDString = 9CBA44ED2B95CA8C00951D93;
			remoteInfo = SecondHandMarket;
		};
/* End PBXContainerItemProxy section */

/* Begin PBXFileReference section */
		01A64DF160C7EE1DDD30210D /* Pods-SecondHandMarket-SecondHandMarketUITests.release.xcconfig */ = {isa = PBXFileReference; includeInIndex = 1; lastKnownFileType = text.xcconfig; name = "Pods-SecondHandMarket-SecondHandMarketUITests.release.xcconfig"; path = "Target Support Files/Pods-SecondHandMarket-SecondHandMarketUITests/Pods-SecondHandMarket-SecondHandMarketUITests.release.xcconfig"; sourceTree = "<group>"; };
		23F63C497A280CCC0E268ABD /* Pods-SecondHandMarketTests.debug.xcconfig */ = {isa = PBXFileReference; includeInIndex = 1; lastKnownFileType = text.xcconfig; name = "Pods-SecondHandMarketTests.debug.xcconfig"; path = "Target Support Files/Pods-SecondHandMarketTests/Pods-SecondHandMarketTests.debug.xcconfig"; sourceTree = "<group>"; };
		46AEC1C8D919673EF81A7F54 /* Pods-SecondHandMarket-SecondHandMarketUITests.debug.xcconfig */ = {isa = PBXFileReference; includeInIndex = 1; lastKnownFileType = text.xcconfig; name = "Pods-SecondHandMarket-SecondHandMarketUITests.debug.xcconfig"; path = "Target Support Files/Pods-SecondHandMarket-SecondHandMarketUITests/Pods-SecondHandMarket-SecondHandMarketUITests.debug.xcconfig"; sourceTree = "<group>"; };
		578A1FA8EBD83AD705F468B2 /* Pods-SecondHandMarket.debug.xcconfig */ = {isa = PBXFileReference; includeInIndex = 1; lastKnownFileType = text.xcconfig; name = "Pods-SecondHandMarket.debug.xcconfig"; path = "Target Support Files/Pods-SecondHandMarket/Pods-SecondHandMarket.debug.xcconfig"; sourceTree = "<group>"; };
		5D09E0ED468F4C107AC2CCBB /* Pods-SecondHandMarket.release.xcconfig */ = {isa = PBXFileReference; includeInIndex = 1; lastKnownFileType = text.xcconfig; name = "Pods-SecondHandMarket.release.xcconfig"; path = "Target Support Files/Pods-SecondHandMarket/Pods-SecondHandMarket.release.xcconfig"; sourceTree = "<group>"; };
		733A1DE59B3BD3DE78792983 /* Pods_SecondHandMarket_SecondHandMarketUITests.framework */ = {isa = PBXFileReference; explicitFileType = wrapper.framework; includeInIndex = 0; path = Pods_SecondHandMarket_SecondHandMarketUITests.framework; sourceTree = BUILT_PRODUCTS_DIR; };
		7D751209DDE6D59587269BC0 /* Pods_SecondHandMarketTests.framework */ = {isa = PBXFileReference; explicitFileType = wrapper.framework; includeInIndex = 0; path = Pods_SecondHandMarketTests.framework; sourceTree = BUILT_PRODUCTS_DIR; };
		91CBE898482093830B4D5D85 /* Pods_SecondHandMarket.framework */ = {isa = PBXFileReference; explicitFileType = wrapper.framework; includeInIndex = 0; path = Pods_SecondHandMarket.framework; sourceTree = BUILT_PRODUCTS_DIR; };
		9C457B202B961CB700311DB9 /* LoginViewController.swift */ = {isa = PBXFileReference; lastKnownFileType = sourcecode.swift; path = LoginViewController.swift; sourceTree = "<group>"; };
		9C5A9B0B2B987BC800F94231 /* SignUpViewController.swift */ = {isa = PBXFileReference; lastKnownFileType = sourcecode.swift; path = SignUpViewController.swift; sourceTree = "<group>"; };
		9C5A9B0D2B98841200F94231 /* SignUpReactor.swift */ = {isa = PBXFileReference; lastKnownFileType = sourcecode.swift; path = SignUpReactor.swift; sourceTree = "<group>"; };
		9C5A9B152B98892700F94231 /* Realm.swift */ = {isa = PBXFileReference; lastKnownFileType = sourcecode.swift; path = Realm.swift; sourceTree = "<group>"; };
		9C5A9B202B9F205300F94231 /* location.json */ = {isa = PBXFileReference; fileEncoding = 4; lastKnownFileType = text.json; path = location.json; sourceTree = "<group>"; };
		9C5A9B242B9F212900F94231 /* LocationViewController.swift */ = {isa = PBXFileReference; lastKnownFileType = sourcecode.swift; path = LocationViewController.swift; sourceTree = "<group>"; };
		9C5A9B262B9F27BE00F94231 /* LocationReactor.swift */ = {isa = PBXFileReference; lastKnownFileType = sourcecode.swift; path = LocationReactor.swift; sourceTree = "<group>"; };
		9C5A9B282B9F30E100F94231 /* NaverMapViewController.swift */ = {isa = PBXFileReference; lastKnownFileType = sourcecode.swift; path = NaverMapViewController.swift; sourceTree = "<group>"; };
		9C5A9B2A2BA060A200F94231 /* ZipCodeViewController.swift */ = {isa = PBXFileReference; lastKnownFileType = sourcecode.swift; path = ZipCodeViewController.swift; sourceTree = "<group>"; };
		9C84AC832BA083080029BA31 /* HomeViewController.swift */ = {isa = PBXFileReference; lastKnownFileType = sourcecode.swift; path = HomeViewController.swift; sourceTree = "<group>"; };
		9C84AC852BA32F520029BA31 /* ProductCell.swift */ = {isa = PBXFileReference; lastKnownFileType = sourcecode.swift; path = ProductCell.swift; sourceTree = "<group>"; };
		9C84AC872BA3349F0029BA31 /* AddProductViewController.swift */ = {isa = PBXFileReference; lastKnownFileType = sourcecode.swift; path = AddProductViewController.swift; sourceTree = "<group>"; };
		9C84AC892BA342310029BA31 /* AddProductReactor.swift */ = {isa = PBXFileReference; lastKnownFileType = sourcecode.swift; path = AddProductReactor.swift; sourceTree = "<group>"; };
		9C84AC8B2BA34B760029BA31 /* HomeViewReactor.swift */ = {isa = PBXFileReference; lastKnownFileType = sourcecode.swift; path = HomeViewReactor.swift; sourceTree = "<group>"; };
		9C84AC8E2BAADE590029BA31 /* GoogleService-Info.plist */ = {isa = PBXFileReference; fileEncoding = 4; lastKnownFileType = text.plist.xml; path = "GoogleService-Info.plist"; sourceTree = "<group>"; };
		9C84AC992BB2EDD20029BA31 /* User.swift */ = {isa = PBXFileReference; lastKnownFileType = sourcecode.swift; path = User.swift; sourceTree = "<group>"; };
		9C84AC9D2BB459B30029BA31 /* Product.swift */ = {isa = PBXFileReference; lastKnownFileType = sourcecode.swift; path = Product.swift; sourceTree = "<group>"; };
		9C84ACA02BC936660029BA31 /* UserAPI.swift */ = {isa = PBXFileReference; lastKnownFileType = sourcecode.swift; path = UserAPI.swift; sourceTree = "<group>"; };
		9C84ACA32BC93EEE0029BA31 /* CommonUtility.swift */ = {isa = PBXFileReference; lastKnownFileType = sourcecode.swift; path = CommonUtility.swift; sourceTree = "<group>"; };
		9C84ACA72BC948390029BA31 /* BaseViewController.swift */ = {isa = PBXFileReference; lastKnownFileType = sourcecode.swift; path = BaseViewController.swift; sourceTree = "<group>"; };
		9CBA44EE2B95CA8C00951D93 /* SecondHandMarket.app */ = {isa = PBXFileReference; explicitFileType = wrapper.application; includeInIndex = 0; path = SecondHandMarket.app; sourceTree = BUILT_PRODUCTS_DIR; };
		9CBA44F12B95CA8C00951D93 /* AppDelegate.swift */ = {isa = PBXFileReference; lastKnownFileType = sourcecode.swift; path = AppDelegate.swift; sourceTree = "<group>"; };
		9CBA44F32B95CA8C00951D93 /* SceneDelegate.swift */ = {isa = PBXFileReference; lastKnownFileType = sourcecode.swift; path = SceneDelegate.swift; sourceTree = "<group>"; };
		9CBA44F82B95CA8C00951D93 /* Base */ = {isa = PBXFileReference; lastKnownFileType = file.storyboard; name = Base; path = Base.lproj/Main.storyboard; sourceTree = "<group>"; };
		9CBA44FA2B95CA8D00951D93 /* Assets.xcassets */ = {isa = PBXFileReference; lastKnownFileType = folder.assetcatalog; path = Assets.xcassets; sourceTree = "<group>"; };
		9CBA44FD2B95CA8D00951D93 /* Base */ = {isa = PBXFileReference; lastKnownFileType = file.storyboard; name = Base; path = Base.lproj/LaunchScreen.storyboard; sourceTree = "<group>"; };
		9CBA44FF2B95CA8D00951D93 /* Info.plist */ = {isa = PBXFileReference; lastKnownFileType = text.plist.xml; path = Info.plist; sourceTree = "<group>"; };
		9CBA45042B95CA8D00951D93 /* SecondHandMarketTests.xctest */ = {isa = PBXFileReference; explicitFileType = wrapper.cfbundle; includeInIndex = 0; path = SecondHandMarketTests.xctest; sourceTree = BUILT_PRODUCTS_DIR; };
		9CBA45082B95CA8D00951D93 /* SecondHandMarketTests.swift */ = {isa = PBXFileReference; lastKnownFileType = sourcecode.swift; path = SecondHandMarketTests.swift; sourceTree = "<group>"; };
		9CBA450E2B95CA8D00951D93 /* SecondHandMarketUITests.xctest */ = {isa = PBXFileReference; explicitFileType = wrapper.cfbundle; includeInIndex = 0; path = SecondHandMarketUITests.xctest; sourceTree = BUILT_PRODUCTS_DIR; };
		9CBA45122B95CA8D00951D93 /* SecondHandMarketUITests.swift */ = {isa = PBXFileReference; lastKnownFileType = sourcecode.swift; path = SecondHandMarketUITests.swift; sourceTree = "<group>"; };
		9CBA45142B95CA8D00951D93 /* SecondHandMarketUITestsLaunchTests.swift */ = {isa = PBXFileReference; lastKnownFileType = sourcecode.swift; path = SecondHandMarketUITestsLaunchTests.swift; sourceTree = "<group>"; };
		9CBA45252B95ED5900951D93 /* maplestorylight.ttf */ = {isa = PBXFileReference; lastKnownFileType = file; path = maplestorylight.ttf; sourceTree = "<group>"; };
		9CBA45262B95ED5900951D93 /* maplestorybold.ttf */ = {isa = PBXFileReference; lastKnownFileType = file; path = maplestorybold.ttf; sourceTree = "<group>"; };
		9CBA452A2B95EEDD00951D93 /* logo.png */ = {isa = PBXFileReference; lastKnownFileType = image.png; path = logo.png; sourceTree = "<group>"; };
		9CBA452B2B95EEDD00951D93 /* marker_icon.png */ = {isa = PBXFileReference; lastKnownFileType = image.png; path = marker_icon.png; sourceTree = "<group>"; };
		9CBA45322B960B4900951D93 /* LoginReactor.swift */ = {isa = PBXFileReference; lastKnownFileType = sourcecode.swift; path = LoginReactor.swift; sourceTree = "<group>"; };
		BAAE9978AF34BCAA05A05AD0 /* Pods-SecondHandMarketTests.release.xcconfig */ = {isa = PBXFileReference; includeInIndex = 1; lastKnownFileType = text.xcconfig; name = "Pods-SecondHandMarketTests.release.xcconfig"; path = "Target Support Files/Pods-SecondHandMarketTests/Pods-SecondHandMarketTests.release.xcconfig"; sourceTree = "<group>"; };
/* End PBXFileReference section */

/* Begin PBXFrameworksBuildPhase section */
		9CBA44EB2B95CA8C00951D93 /* Frameworks */ = {
			isa = PBXFrameworksBuildPhase;
			buildActionMask = 2147483647;
			files = (
				9C5A9B142B9888C000F94231 /* RealmSwift in Frameworks */,
				9C84AC962BB2E2E20029BA31 /* FirebaseFirestore in Frameworks */,
				9C5A9B192B98A10800F94231 /* SwiftMessages in Frameworks */,
				9C5A9B1E2B9F1FF400F94231 /* Lottie in Frameworks */,
				9C457B2E2B973BA500311DB9 /* RxRelay in Frameworks */,
				9C457B2C2B973BA500311DB9 /* RxCocoa in Frameworks */,
				9C5A9B1B2B98A10800F94231 /* SwiftMessages-Dynamic in Frameworks */,
				9C84AC922BAADE8F0029BA31 /* FirebaseAnalytics in Frameworks */,
				9C84AC9C2BB447100029BA31 /* FirebaseStorage in Frameworks */,
				9C84AC942BB2E0E50029BA31 /* FirebaseAuth in Frameworks */,
				9C457B302B973BA500311DB9 /* RxSwift in Frameworks */,
				9CBA45302B960B0200951D93 /* ReactorKit in Frameworks */,
				9C5A9B122B9888C000F94231 /* Realm in Frameworks */,
				F964006009EF66FE7112A233 /* Pods_SecondHandMarket.framework in Frameworks */,
				9C84AC982BB2E2E20029BA31 /* FirebaseFirestoreCombine-Community in Frameworks */,
			);
			runOnlyForDeploymentPostprocessing = 0;
		};
		9CBA45012B95CA8D00951D93 /* Frameworks */ = {
			isa = PBXFrameworksBuildPhase;
			buildActionMask = 2147483647;
			files = (
				352307D5A37BB4948F250DC2 /* Pods_SecondHandMarketTests.framework in Frameworks */,
			);
			runOnlyForDeploymentPostprocessing = 0;
		};
		9CBA450B2B95CA8D00951D93 /* Frameworks */ = {
			isa = PBXFrameworksBuildPhase;
			buildActionMask = 2147483647;
			files = (
				8D80BCA24ECD1AE5F96F4505 /* Pods_SecondHandMarket_SecondHandMarketUITests.framework in Frameworks */,
			);
			runOnlyForDeploymentPostprocessing = 0;
		};
/* End PBXFrameworksBuildPhase section */

/* Begin PBXGroup section */
		134766EDDD408D8F16A30E11 /* Pods */ = {
			isa = PBXGroup;
			children = (
				578A1FA8EBD83AD705F468B2 /* Pods-SecondHandMarket.debug.xcconfig */,
				5D09E0ED468F4C107AC2CCBB /* Pods-SecondHandMarket.release.xcconfig */,
				46AEC1C8D919673EF81A7F54 /* Pods-SecondHandMarket-SecondHandMarketUITests.debug.xcconfig */,
				01A64DF160C7EE1DDD30210D /* Pods-SecondHandMarket-SecondHandMarketUITests.release.xcconfig */,
				23F63C497A280CCC0E268ABD /* Pods-SecondHandMarketTests.debug.xcconfig */,
				BAAE9978AF34BCAA05A05AD0 /* Pods-SecondHandMarketTests.release.xcconfig */,
			);
			path = Pods;
			sourceTree = "<group>";
		};
		9C457B1F2B961C9400311DB9 /* View */ = {
			isa = PBXGroup;
			children = (
				9C84ACA22BC93ED00029BA31 /* Common */,
				9C457B202B961CB700311DB9 /* LoginViewController.swift */,
				9C5A9B0B2B987BC800F94231 /* SignUpViewController.swift */,
				9C5A9B242B9F212900F94231 /* LocationViewController.swift */,
				9C5A9B282B9F30E100F94231 /* NaverMapViewController.swift */,
				9C5A9B2A2BA060A200F94231 /* ZipCodeViewController.swift */,
				9C84AC832BA083080029BA31 /* HomeViewController.swift */,
				9C84AC852BA32F520029BA31 /* ProductCell.swift */,
				9C84AC872BA3349F0029BA31 /* AddProductViewController.swift */,
			);
			path = View;
			sourceTree = "<group>";
		};
		9C5A9B0F2B98871F00F94231 /* Model */ = {
			isa = PBXGroup;
			children = (
				9C84AC9F2BC936500029BA31 /* API */,
				9C5A9B152B98892700F94231 /* Realm.swift */,
				9C84AC992BB2EDD20029BA31 /* User.swift */,
				9C84AC9D2BB459B30029BA31 /* Product.swift */,
			);
			path = Model;
			sourceTree = "<group>";
		};
		9C5A9B1F2B9F204700F94231 /* json */ = {
			isa = PBXGroup;
			children = (
				9C5A9B202B9F205300F94231 /* location.json */,
			);
			path = json;
			sourceTree = "<group>";
		};
		9C84AC9F2BC936500029BA31 /* API */ = {
			isa = PBXGroup;
			children = (
				9C84ACA02BC936660029BA31 /* UserAPI.swift */,
			);
			path = API;
			sourceTree = "<group>";
		};
		9C84ACA22BC93ED00029BA31 /* Common */ = {
			isa = PBXGroup;
			children = (
				9C84ACA32BC93EEE0029BA31 /* CommonUtility.swift */,
				9C84ACA72BC948390029BA31 /* BaseViewController.swift */,
			);
			path = Common;
			sourceTree = "<group>";
		};
		9CBA44E52B95CA8C00951D93 = {
			isa = PBXGroup;
			children = (
				9CBA44F02B95CA8C00951D93 /* SecondHandMarket */,
				9CBA45072B95CA8D00951D93 /* SecondHandMarketTests */,
				9CBA45112B95CA8D00951D93 /* SecondHandMarketUITests */,
				9CBA44EF2B95CA8C00951D93 /* Products */,
				134766EDDD408D8F16A30E11 /* Pods */,
				CAE820991C3AFE286FF87C47 /* Frameworks */,
			);
			sourceTree = "<group>";
		};
		9CBA44EF2B95CA8C00951D93 /* Products */ = {
			isa = PBXGroup;
			children = (
				9CBA44EE2B95CA8C00951D93 /* SecondHandMarket.app */,
				9CBA45042B95CA8D00951D93 /* SecondHandMarketTests.xctest */,
				9CBA450E2B95CA8D00951D93 /* SecondHandMarketUITests.xctest */,
			);
			name = Products;
			sourceTree = "<group>";
		};
		9CBA44F02B95CA8C00951D93 /* SecondHandMarket */ = {
			isa = PBXGroup;
			children = (
				9C84AC8E2BAADE590029BA31 /* GoogleService-Info.plist */,
				9C5A9B0F2B98871F00F94231 /* Model */,
				9C457B1F2B961C9400311DB9 /* View */,
				9CBA45312B960B3200951D93 /* ViewModel */,
				9CBA44F72B95CA8C00951D93 /* Main.storyboard */,
				9CBA45232B95ECA700951D93 /* Resources */,
				9CBA44F12B95CA8C00951D93 /* AppDelegate.swift */,
				9CBA44F32B95CA8C00951D93 /* SceneDelegate.swift */,
				9CBA44FA2B95CA8D00951D93 /* Assets.xcassets */,
				9CBA44FC2B95CA8D00951D93 /* LaunchScreen.storyboard */,
				9CBA44FF2B95CA8D00951D93 /* Info.plist */,
			);
			path = SecondHandMarket;
			sourceTree = "<group>";
		};
		9CBA45072B95CA8D00951D93 /* SecondHandMarketTests */ = {
			isa = PBXGroup;
			children = (
				9CBA45082B95CA8D00951D93 /* SecondHandMarketTests.swift */,
			);
			path = SecondHandMarketTests;
			sourceTree = "<group>";
		};
		9CBA45112B95CA8D00951D93 /* SecondHandMarketUITests */ = {
			isa = PBXGroup;
			children = (
				9CBA45122B95CA8D00951D93 /* SecondHandMarketUITests.swift */,
				9CBA45142B95CA8D00951D93 /* SecondHandMarketUITestsLaunchTests.swift */,
			);
			path = SecondHandMarketUITests;
			sourceTree = "<group>";
		};
		9CBA45232B95ECA700951D93 /* Resources */ = {
			isa = PBXGroup;
			children = (
				9C5A9B1F2B9F204700F94231 /* json */,
				9CBA45292B95EEC400951D93 /* image */,
				9CBA45242B95ECC800951D93 /* Font */,
			);
			path = Resources;
			sourceTree = "<group>";
		};
		9CBA45242B95ECC800951D93 /* Font */ = {
			isa = PBXGroup;
			children = (
				9CBA45262B95ED5900951D93 /* maplestorybold.ttf */,
				9CBA45252B95ED5900951D93 /* maplestorylight.ttf */,
			);
			path = Font;
			sourceTree = "<group>";
		};
		9CBA45292B95EEC400951D93 /* image */ = {
			isa = PBXGroup;
			children = (
				9CBA452A2B95EEDD00951D93 /* logo.png */,
				9CBA452B2B95EEDD00951D93 /* marker_icon.png */,
			);
			path = image;
			sourceTree = "<group>";
		};
		9CBA45312B960B3200951D93 /* ViewModel */ = {
			isa = PBXGroup;
			children = (
				9CBA45322B960B4900951D93 /* LoginReactor.swift */,
				9C5A9B0D2B98841200F94231 /* SignUpReactor.swift */,
				9C5A9B262B9F27BE00F94231 /* LocationReactor.swift */,
				9C84AC892BA342310029BA31 /* AddProductReactor.swift */,
				9C84AC8B2BA34B760029BA31 /* HomeViewReactor.swift */,
			);
			path = ViewModel;
			sourceTree = "<group>";
		};
		CAE820991C3AFE286FF87C47 /* Frameworks */ = {
			isa = PBXGroup;
			children = (
				91CBE898482093830B4D5D85 /* Pods_SecondHandMarket.framework */,
				733A1DE59B3BD3DE78792983 /* Pods_SecondHandMarket_SecondHandMarketUITests.framework */,
				7D751209DDE6D59587269BC0 /* Pods_SecondHandMarketTests.framework */,
			);
			name = Frameworks;
			sourceTree = "<group>";
		};
/* End PBXGroup section */

/* Begin PBXNativeTarget section */
		9CBA44ED2B95CA8C00951D93 /* SecondHandMarket */ = {
			isa = PBXNativeTarget;
			buildConfigurationList = 9CBA45182B95CA8D00951D93 /* Build configuration list for PBXNativeTarget "SecondHandMarket" */;
			buildPhases = (
				68531406116EC520F6C99D95 /* [CP] Check Pods Manifest.lock */,
				9CBA44EA2B95CA8C00951D93 /* Sources */,
				9CBA44EB2B95CA8C00951D93 /* Frameworks */,
				9CBA44EC2B95CA8C00951D93 /* Resources */,
				E7CCF784A65FEDF56DD95DCA /* [CP] Embed Pods Frameworks */,
			);
			buildRules = (
			);
			dependencies = (
			);
			name = SecondHandMarket;
			packageProductDependencies = (
				9CBA452F2B960B0200951D93 /* ReactorKit */,
				9C457B2B2B973BA500311DB9 /* RxCocoa */,
				9C457B2D2B973BA500311DB9 /* RxRelay */,
				9C457B2F2B973BA500311DB9 /* RxSwift */,
				9C5A9B112B9888C000F94231 /* Realm */,
				9C5A9B132B9888C000F94231 /* RealmSwift */,
				9C5A9B182B98A10800F94231 /* SwiftMessages */,
				9C5A9B1A2B98A10800F94231 /* SwiftMessages-Dynamic */,
				9C5A9B1D2B9F1FF400F94231 /* Lottie */,
				9C84AC912BAADE8F0029BA31 /* FirebaseAnalytics */,
				9C84AC932BB2E0E50029BA31 /* FirebaseAuth */,
				9C84AC952BB2E2E20029BA31 /* FirebaseFirestore */,
				9C84AC972BB2E2E20029BA31 /* FirebaseFirestoreCombine-Community */,
				9C84AC9B2BB447100029BA31 /* FirebaseStorage */,
			);
			productName = SecondHandMarket;
			productReference = 9CBA44EE2B95CA8C00951D93 /* SecondHandMarket.app */;
			productType = "com.apple.product-type.application";
		};
		9CBA45032B95CA8D00951D93 /* SecondHandMarketTests */ = {
			isa = PBXNativeTarget;
			buildConfigurationList = 9CBA451B2B95CA8D00951D93 /* Build configuration list for PBXNativeTarget "SecondHandMarketTests" */;
			buildPhases = (
				37666AD23298CBAC5C5DA1C5 /* [CP] Check Pods Manifest.lock */,
				9CBA45002B95CA8D00951D93 /* Sources */,
				9CBA45012B95CA8D00951D93 /* Frameworks */,
				9CBA45022B95CA8D00951D93 /* Resources */,
			);
			buildRules = (
			);
			dependencies = (
				9CBA45062B95CA8D00951D93 /* PBXTargetDependency */,
			);
			name = SecondHandMarketTests;
			productName = SecondHandMarketTests;
			productReference = 9CBA45042B95CA8D00951D93 /* SecondHandMarketTests.xctest */;
			productType = "com.apple.product-type.bundle.unit-test";
		};
		9CBA450D2B95CA8D00951D93 /* SecondHandMarketUITests */ = {
			isa = PBXNativeTarget;
			buildConfigurationList = 9CBA451E2B95CA8D00951D93 /* Build configuration list for PBXNativeTarget "SecondHandMarketUITests" */;
			buildPhases = (
				7269C1B9009A30E01D41A18E /* [CP] Check Pods Manifest.lock */,
				9CBA450A2B95CA8D00951D93 /* Sources */,
				9CBA450B2B95CA8D00951D93 /* Frameworks */,
				9CBA450C2B95CA8D00951D93 /* Resources */,
				33B5693B63C12EDFA32A7D6F /* [CP] Embed Pods Frameworks */,
			);
			buildRules = (
			);
			dependencies = (
				9CBA45102B95CA8D00951D93 /* PBXTargetDependency */,
			);
			name = SecondHandMarketUITests;
			productName = SecondHandMarketUITests;
			productReference = 9CBA450E2B95CA8D00951D93 /* SecondHandMarketUITests.xctest */;
			productType = "com.apple.product-type.bundle.ui-testing";
		};
/* End PBXNativeTarget section */

/* Begin PBXProject section */
		9CBA44E62B95CA8C00951D93 /* Project object */ = {
			isa = PBXProject;
			attributes = {
				BuildIndependentTargetsInParallel = 1;
				LastSwiftUpdateCheck = 1520;
				LastUpgradeCheck = 1520;
				TargetAttributes = {
					9CBA44ED2B95CA8C00951D93 = {
						CreatedOnToolsVersion = 15.2;
					};
					9CBA45032B95CA8D00951D93 = {
						CreatedOnToolsVersion = 15.2;
						TestTargetID = 9CBA44ED2B95CA8C00951D93;
					};
					9CBA450D2B95CA8D00951D93 = {
						CreatedOnToolsVersion = 15.2;
						TestTargetID = 9CBA44ED2B95CA8C00951D93;
					};
				};
			};
			buildConfigurationList = 9CBA44E92B95CA8C00951D93 /* Build configuration list for PBXProject "SecondHandMarket" */;
			compatibilityVersion = "Xcode 14.0";
			developmentRegion = en;
			hasScannedForEncodings = 0;
			knownRegions = (
				en,
				Base,
			);
			mainGroup = 9CBA44E52B95CA8C00951D93;
			packageReferences = (
				9CBA452E2B960B0200951D93 /* XCRemoteSwiftPackageReference "ReactorKit" */,
				9C457B2A2B973BA500311DB9 /* XCRemoteSwiftPackageReference "RxSwift" */,
				9C5A9B102B9888C000F94231 /* XCRemoteSwiftPackageReference "realm-cocoa" */,
				9C5A9B172B98A10800F94231 /* XCRemoteSwiftPackageReference "SwiftMessages" */,
				9C5A9B1C2B9F1FF400F94231 /* XCRemoteSwiftPackageReference "lottie-spm" */,
				9C84AC902BAADE8F0029BA31 /* XCRemoteSwiftPackageReference "firebase-ios-sdk" */,
			);
			productRefGroup = 9CBA44EF2B95CA8C00951D93 /* Products */;
			projectDirPath = "";
			projectRoot = "";
			targets = (
				9CBA44ED2B95CA8C00951D93 /* SecondHandMarket */,
				9CBA45032B95CA8D00951D93 /* SecondHandMarketTests */,
				9CBA450D2B95CA8D00951D93 /* SecondHandMarketUITests */,
			);
		};
/* End PBXProject section */

/* Begin PBXResourcesBuildPhase section */
		9CBA44EC2B95CA8C00951D93 /* Resources */ = {
			isa = PBXResourcesBuildPhase;
			buildActionMask = 2147483647;
			files = (
				9CBA44FE2B95CA8D00951D93 /* LaunchScreen.storyboard in Resources */,
				9CBA44FB2B95CA8D00951D93 /* Assets.xcassets in Resources */,
				9C84AC8F2BAADE590029BA31 /* GoogleService-Info.plist in Resources */,
				9CBA452C2B95EEDD00951D93 /* logo.png in Resources */,
				9CBA44F92B95CA8C00951D93 /* Main.storyboard in Resources */,
				9CBA45282B95ED5900951D93 /* maplestorybold.ttf in Resources */,
				9CBA45272B95ED5900951D93 /* maplestorylight.ttf in Resources */,
				9C5A9B212B9F205300F94231 /* location.json in Resources */,
				9CBA452D2B95EEDD00951D93 /* marker_icon.png in Resources */,
			);
			runOnlyForDeploymentPostprocessing = 0;
		};
		9CBA45022B95CA8D00951D93 /* Resources */ = {
			isa = PBXResourcesBuildPhase;
			buildActionMask = 2147483647;
			files = (
			);
			runOnlyForDeploymentPostprocessing = 0;
		};
		9CBA450C2B95CA8D00951D93 /* Resources */ = {
			isa = PBXResourcesBuildPhase;
			buildActionMask = 2147483647;
			files = (
			);
			runOnlyForDeploymentPostprocessing = 0;
		};
/* End PBXResourcesBuildPhase section */

/* Begin PBXShellScriptBuildPhase section */
		33B5693B63C12EDFA32A7D6F /* [CP] Embed Pods Frameworks */ = {
			isa = PBXShellScriptBuildPhase;
			buildActionMask = 2147483647;
			files = (
			);
			inputFileListPaths = (
				"${PODS_ROOT}/Target Support Files/Pods-SecondHandMarket-SecondHandMarketUITests/Pods-SecondHandMarket-SecondHandMarketUITests-frameworks-${CONFIGURATION}-input-files.xcfilelist",
			);
			name = "[CP] Embed Pods Frameworks";
			outputFileListPaths = (
				"${PODS_ROOT}/Target Support Files/Pods-SecondHandMarket-SecondHandMarketUITests/Pods-SecondHandMarket-SecondHandMarketUITests-frameworks-${CONFIGURATION}-output-files.xcfilelist",
			);
			runOnlyForDeploymentPostprocessing = 0;
			shellPath = /bin/sh;
			shellScript = "\"${PODS_ROOT}/Target Support Files/Pods-SecondHandMarket-SecondHandMarketUITests/Pods-SecondHandMarket-SecondHandMarketUITests-frameworks.sh\"\n";
			showEnvVarsInLog = 0;
		};
		37666AD23298CBAC5C5DA1C5 /* [CP] Check Pods Manifest.lock */ = {
			isa = PBXShellScriptBuildPhase;
			buildActionMask = 2147483647;
			files = (
			);
			inputFileListPaths = (
			);
			inputPaths = (
				"${PODS_PODFILE_DIR_PATH}/Podfile.lock",
				"${PODS_ROOT}/Manifest.lock",
			);
			name = "[CP] Check Pods Manifest.lock";
			outputFileListPaths = (
			);
			outputPaths = (
				"$(DERIVED_FILE_DIR)/Pods-SecondHandMarketTests-checkManifestLockResult.txt",
			);
			runOnlyForDeploymentPostprocessing = 0;
			shellPath = /bin/sh;
			shellScript = "diff \"${PODS_PODFILE_DIR_PATH}/Podfile.lock\" \"${PODS_ROOT}/Manifest.lock\" > /dev/null\nif [ $? != 0 ] ; then\n    # print error to STDERR\n    echo \"error: The sandbox is not in sync with the Podfile.lock. Run 'pod install' or update your CocoaPods installation.\" >&2\n    exit 1\nfi\n# This output is used by Xcode 'outputs' to avoid re-running this script phase.\necho \"SUCCESS\" > \"${SCRIPT_OUTPUT_FILE_0}\"\n";
			showEnvVarsInLog = 0;
		};
		68531406116EC520F6C99D95 /* [CP] Check Pods Manifest.lock */ = {
			isa = PBXShellScriptBuildPhase;
			buildActionMask = 2147483647;
			files = (
			);
			inputFileListPaths = (
			);
			inputPaths = (
				"${PODS_PODFILE_DIR_PATH}/Podfile.lock",
				"${PODS_ROOT}/Manifest.lock",
			);
			name = "[CP] Check Pods Manifest.lock";
			outputFileListPaths = (
			);
			outputPaths = (
				"$(DERIVED_FILE_DIR)/Pods-SecondHandMarket-checkManifestLockResult.txt",
			);
			runOnlyForDeploymentPostprocessing = 0;
			shellPath = /bin/sh;
			shellScript = "diff \"${PODS_PODFILE_DIR_PATH}/Podfile.lock\" \"${PODS_ROOT}/Manifest.lock\" > /dev/null\nif [ $? != 0 ] ; then\n    # print error to STDERR\n    echo \"error: The sandbox is not in sync with the Podfile.lock. Run 'pod install' or update your CocoaPods installation.\" >&2\n    exit 1\nfi\n# This output is used by Xcode 'outputs' to avoid re-running this script phase.\necho \"SUCCESS\" > \"${SCRIPT_OUTPUT_FILE_0}\"\n";
			showEnvVarsInLog = 0;
		};
		7269C1B9009A30E01D41A18E /* [CP] Check Pods Manifest.lock */ = {
			isa = PBXShellScriptBuildPhase;
			buildActionMask = 2147483647;
			files = (
			);
			inputFileListPaths = (
			);
			inputPaths = (
				"${PODS_PODFILE_DIR_PATH}/Podfile.lock",
				"${PODS_ROOT}/Manifest.lock",
			);
			name = "[CP] Check Pods Manifest.lock";
			outputFileListPaths = (
			);
			outputPaths = (
				"$(DERIVED_FILE_DIR)/Pods-SecondHandMarket-SecondHandMarketUITests-checkManifestLockResult.txt",
			);
			runOnlyForDeploymentPostprocessing = 0;
			shellPath = /bin/sh;
			shellScript = "diff \"${PODS_PODFILE_DIR_PATH}/Podfile.lock\" \"${PODS_ROOT}/Manifest.lock\" > /dev/null\nif [ $? != 0 ] ; then\n    # print error to STDERR\n    echo \"error: The sandbox is not in sync with the Podfile.lock. Run 'pod install' or update your CocoaPods installation.\" >&2\n    exit 1\nfi\n# This output is used by Xcode 'outputs' to avoid re-running this script phase.\necho \"SUCCESS\" > \"${SCRIPT_OUTPUT_FILE_0}\"\n";
			showEnvVarsInLog = 0;
		};
		E7CCF784A65FEDF56DD95DCA /* [CP] Embed Pods Frameworks */ = {
			isa = PBXShellScriptBuildPhase;
			buildActionMask = 2147483647;
			files = (
			);
			inputFileListPaths = (
				"${PODS_ROOT}/Target Support Files/Pods-SecondHandMarket/Pods-SecondHandMarket-frameworks-${CONFIGURATION}-input-files.xcfilelist",
			);
			name = "[CP] Embed Pods Frameworks";
			outputFileListPaths = (
				"${PODS_ROOT}/Target Support Files/Pods-SecondHandMarket/Pods-SecondHandMarket-frameworks-${CONFIGURATION}-output-files.xcfilelist",
			);
			runOnlyForDeploymentPostprocessing = 0;
			shellPath = /bin/sh;
			shellScript = "\"${PODS_ROOT}/Target Support Files/Pods-SecondHandMarket/Pods-SecondHandMarket-frameworks.sh\"\n";
			showEnvVarsInLog = 0;
		};
/* End PBXShellScriptBuildPhase section */

/* Begin PBXSourcesBuildPhase section */
		9CBA44EA2B95CA8C00951D93 /* Sources */ = {
			isa = PBXSourcesBuildPhase;
			buildActionMask = 2147483647;
			files = (
				9C5A9B292B9F30E100F94231 /* NaverMapViewController.swift in Sources */,
				9C5A9B2B2BA060A200F94231 /* ZipCodeViewController.swift in Sources */,
				9CBA44F22B95CA8C00951D93 /* AppDelegate.swift in Sources */,
				9C84ACA12BC936660029BA31 /* UserAPI.swift in Sources */,
				9CBA45332B960B4900951D93 /* LoginReactor.swift in Sources */,
				9C84AC8C2BA34B760029BA31 /* HomeViewReactor.swift in Sources */,
				9C84AC862BA32F520029BA31 /* ProductCell.swift in Sources */,
				9C457B212B961CB700311DB9 /* LoginViewController.swift in Sources */,
				9C84AC9A2BB2EDD20029BA31 /* User.swift in Sources */,
				9C5A9B162B98892700F94231 /* Realm.swift in Sources */,
				9C84AC8A2BA342310029BA31 /* AddProductReactor.swift in Sources */,
				9C84ACA42BC93EEE0029BA31 /* CommonUtility.swift in Sources */,
				9CBA44F42B95CA8C00951D93 /* SceneDelegate.swift in Sources */,
				9C84ACA82BC948390029BA31 /* BaseViewController.swift in Sources */,
				9C84AC9E2BB459B30029BA31 /* Product.swift in Sources */,
				9C84AC882BA3349F0029BA31 /* AddProductViewController.swift in Sources */,
				9C5A9B0E2B98841200F94231 /* SignUpReactor.swift in Sources */,
				9C5A9B0C2B987BC800F94231 /* SignUpViewController.swift in Sources */,
				9C5A9B252B9F212900F94231 /* LocationViewController.swift in Sources */,
				9C5A9B272B9F27BE00F94231 /* LocationReactor.swift in Sources */,
				9C84AC842BA083080029BA31 /* HomeViewController.swift in Sources */,
			);
			runOnlyForDeploymentPostprocessing = 0;
		};
		9CBA45002B95CA8D00951D93 /* Sources */ = {
			isa = PBXSourcesBuildPhase;
			buildActionMask = 2147483647;
			files = (
				9CBA45092B95CA8D00951D93 /* SecondHandMarketTests.swift in Sources */,
			);
			runOnlyForDeploymentPostprocessing = 0;
		};
		9CBA450A2B95CA8D00951D93 /* Sources */ = {
			isa = PBXSourcesBuildPhase;
			buildActionMask = 2147483647;
			files = (
				9CBA45132B95CA8D00951D93 /* SecondHandMarketUITests.swift in Sources */,
				9CBA45152B95CA8D00951D93 /* SecondHandMarketUITestsLaunchTests.swift in Sources */,
			);
			runOnlyForDeploymentPostprocessing = 0;
		};
/* End PBXSourcesBuildPhase section */

/* Begin PBXTargetDependency section */
		9CBA45062B95CA8D00951D93 /* PBXTargetDependency */ = {
			isa = PBXTargetDependency;
			target = 9CBA44ED2B95CA8C00951D93 /* SecondHandMarket */;
			targetProxy = 9CBA45052B95CA8D00951D93 /* PBXContainerItemProxy */;
		};
		9CBA45102B95CA8D00951D93 /* PBXTargetDependency */ = {
			isa = PBXTargetDependency;
			target = 9CBA44ED2B95CA8C00951D93 /* SecondHandMarket */;
			targetProxy = 9CBA450F2B95CA8D00951D93 /* PBXContainerItemProxy */;
		};
/* End PBXTargetDependency section */

/* Begin PBXVariantGroup section */
		9CBA44F72B95CA8C00951D93 /* Main.storyboard */ = {
			isa = PBXVariantGroup;
			children = (
				9CBA44F82B95CA8C00951D93 /* Base */,
			);
			name = Main.storyboard;
			sourceTree = "<group>";
		};
		9CBA44FC2B95CA8D00951D93 /* LaunchScreen.storyboard */ = {
			isa = PBXVariantGroup;
			children = (
				9CBA44FD2B95CA8D00951D93 /* Base */,
			);
			name = LaunchScreen.storyboard;
			sourceTree = "<group>";
		};
/* End PBXVariantGroup section */

/* Begin XCBuildConfiguration section */
		9CBA45162B95CA8D00951D93 /* Debug */ = {
			isa = XCBuildConfiguration;
			buildSettings = {
				ALWAYS_SEARCH_USER_PATHS = NO;
				ASSETCATALOG_COMPILER_GENERATE_SWIFT_ASSET_SYMBOL_EXTENSIONS = YES;
				CLANG_ANALYZER_NONNULL = YES;
				CLANG_ANALYZER_NUMBER_OBJECT_CONVERSION = YES_AGGRESSIVE;
				CLANG_CXX_LANGUAGE_STANDARD = "gnu++20";
				CLANG_ENABLE_MODULES = YES;
				CLANG_ENABLE_OBJC_ARC = YES;
				CLANG_ENABLE_OBJC_WEAK = YES;
				CLANG_WARN_BLOCK_CAPTURE_AUTORELEASING = YES;
				CLANG_WARN_BOOL_CONVERSION = YES;
				CLANG_WARN_COMMA = YES;
				CLANG_WARN_CONSTANT_CONVERSION = YES;
				CLANG_WARN_DEPRECATED_OBJC_IMPLEMENTATIONS = YES;
				CLANG_WARN_DIRECT_OBJC_ISA_USAGE = YES_ERROR;
				CLANG_WARN_DOCUMENTATION_COMMENTS = YES;
				CLANG_WARN_EMPTY_BODY = YES;
				CLANG_WARN_ENUM_CONVERSION = YES;
				CLANG_WARN_INFINITE_RECURSION = YES;
				CLANG_WARN_INT_CONVERSION = YES;
				CLANG_WARN_NON_LITERAL_NULL_CONVERSION = YES;
				CLANG_WARN_OBJC_IMPLICIT_RETAIN_SELF = YES;
				CLANG_WARN_OBJC_LITERAL_CONVERSION = YES;
				CLANG_WARN_OBJC_ROOT_CLASS = YES_ERROR;
				CLANG_WARN_QUOTED_INCLUDE_IN_FRAMEWORK_HEADER = YES;
				CLANG_WARN_RANGE_LOOP_ANALYSIS = YES;
				CLANG_WARN_STRICT_PROTOTYPES = YES;
				CLANG_WARN_SUSPICIOUS_MOVE = YES;
				CLANG_WARN_UNGUARDED_AVAILABILITY = YES_AGGRESSIVE;
				CLANG_WARN_UNREACHABLE_CODE = YES;
				CLANG_WARN__DUPLICATE_METHOD_MATCH = YES;
				COPY_PHASE_STRIP = NO;
				DEBUG_INFORMATION_FORMAT = dwarf;
				ENABLE_STRICT_OBJC_MSGSEND = YES;
				ENABLE_TESTABILITY = YES;
				ENABLE_USER_SCRIPT_SANDBOXING = NO;
				GCC_C_LANGUAGE_STANDARD = gnu17;
				GCC_DYNAMIC_NO_PIC = NO;
				GCC_NO_COMMON_BLOCKS = YES;
				GCC_OPTIMIZATION_LEVEL = 0;
				GCC_PREPROCESSOR_DEFINITIONS = (
					"DEBUG=1",
					"$(inherited)",
				);
				GCC_WARN_64_TO_32_BIT_CONVERSION = YES;
				GCC_WARN_ABOUT_RETURN_TYPE = YES_ERROR;
				GCC_WARN_UNDECLARED_SELECTOR = YES;
				GCC_WARN_UNINITIALIZED_AUTOS = YES_AGGRESSIVE;
				GCC_WARN_UNUSED_FUNCTION = YES;
				GCC_WARN_UNUSED_VARIABLE = YES;
				IPHONEOS_DEPLOYMENT_TARGET = 17.2;
				LOCALIZATION_PREFERS_STRING_CATALOGS = YES;
				MTL_ENABLE_DEBUG_INFO = INCLUDE_SOURCE;
				MTL_FAST_MATH = YES;
				ONLY_ACTIVE_ARCH = YES;
				SDKROOT = iphoneos;
				SWIFT_ACTIVE_COMPILATION_CONDITIONS = "DEBUG $(inherited)";
				SWIFT_OPTIMIZATION_LEVEL = "-Onone";
			};
			name = Debug;
		};
		9CBA45172B95CA8D00951D93 /* Release */ = {
			isa = XCBuildConfiguration;
			buildSettings = {
				ALWAYS_SEARCH_USER_PATHS = NO;
				ASSETCATALOG_COMPILER_GENERATE_SWIFT_ASSET_SYMBOL_EXTENSIONS = YES;
				CLANG_ANALYZER_NONNULL = YES;
				CLANG_ANALYZER_NUMBER_OBJECT_CONVERSION = YES_AGGRESSIVE;
				CLANG_CXX_LANGUAGE_STANDARD = "gnu++20";
				CLANG_ENABLE_MODULES = YES;
				CLANG_ENABLE_OBJC_ARC = YES;
				CLANG_ENABLE_OBJC_WEAK = YES;
				CLANG_WARN_BLOCK_CAPTURE_AUTORELEASING = YES;
				CLANG_WARN_BOOL_CONVERSION = YES;
				CLANG_WARN_COMMA = YES;
				CLANG_WARN_CONSTANT_CONVERSION = YES;
				CLANG_WARN_DEPRECATED_OBJC_IMPLEMENTATIONS = YES;
				CLANG_WARN_DIRECT_OBJC_ISA_USAGE = YES_ERROR;
				CLANG_WARN_DOCUMENTATION_COMMENTS = YES;
				CLANG_WARN_EMPTY_BODY = YES;
				CLANG_WARN_ENUM_CONVERSION = YES;
				CLANG_WARN_INFINITE_RECURSION = YES;
				CLANG_WARN_INT_CONVERSION = YES;
				CLANG_WARN_NON_LITERAL_NULL_CONVERSION = YES;
				CLANG_WARN_OBJC_IMPLICIT_RETAIN_SELF = YES;
				CLANG_WARN_OBJC_LITERAL_CONVERSION = YES;
				CLANG_WARN_OBJC_ROOT_CLASS = YES_ERROR;
				CLANG_WARN_QUOTED_INCLUDE_IN_FRAMEWORK_HEADER = YES;
				CLANG_WARN_RANGE_LOOP_ANALYSIS = YES;
				CLANG_WARN_STRICT_PROTOTYPES = YES;
				CLANG_WARN_SUSPICIOUS_MOVE = YES;
				CLANG_WARN_UNGUARDED_AVAILABILITY = YES_AGGRESSIVE;
				CLANG_WARN_UNREACHABLE_CODE = YES;
				CLANG_WARN__DUPLICATE_METHOD_MATCH = YES;
				COPY_PHASE_STRIP = NO;
				DEBUG_INFORMATION_FORMAT = "dwarf-with-dsym";
				ENABLE_NS_ASSERTIONS = NO;
				ENABLE_STRICT_OBJC_MSGSEND = YES;
				ENABLE_USER_SCRIPT_SANDBOXING = NO;
				GCC_C_LANGUAGE_STANDARD = gnu17;
				GCC_NO_COMMON_BLOCKS = YES;
				GCC_WARN_64_TO_32_BIT_CONVERSION = YES;
				GCC_WARN_ABOUT_RETURN_TYPE = YES_ERROR;
				GCC_WARN_UNDECLARED_SELECTOR = YES;
				GCC_WARN_UNINITIALIZED_AUTOS = YES_AGGRESSIVE;
				GCC_WARN_UNUSED_FUNCTION = YES;
				GCC_WARN_UNUSED_VARIABLE = YES;
				IPHONEOS_DEPLOYMENT_TARGET = 17.2;
				LOCALIZATION_PREFERS_STRING_CATALOGS = YES;
				MTL_ENABLE_DEBUG_INFO = NO;
				MTL_FAST_MATH = YES;
				SDKROOT = iphoneos;
				SWIFT_COMPILATION_MODE = wholemodule;
				VALIDATE_PRODUCT = YES;
			};
			name = Release;
		};
		9CBA45192B95CA8D00951D93 /* Debug */ = {
			isa = XCBuildConfiguration;
			baseConfigurationReference = 578A1FA8EBD83AD705F468B2 /* Pods-SecondHandMarket.debug.xcconfig */;
			buildSettings = {
				ASSETCATALOG_COMPILER_APPICON_NAME = AppIcon;
				ASSETCATALOG_COMPILER_GLOBAL_ACCENT_COLOR_NAME = AccentColor;
				CODE_SIGN_STYLE = Automatic;
				CURRENT_PROJECT_VERSION = 1;
				DEVELOPMENT_TEAM = SK4YZUUHN5;
				GENERATE_INFOPLIST_FILE = YES;
				INFOPLIST_FILE = SecondHandMarket/Info.plist;
				INFOPLIST_KEY_UIApplicationSupportsIndirectInputEvents = YES;
				INFOPLIST_KEY_UILaunchStoryboardName = LaunchScreen;
				INFOPLIST_KEY_UIMainStoryboardFile = Main;
				INFOPLIST_KEY_UISupportedInterfaceOrientations_iPad = "UIInterfaceOrientationPortrait UIInterfaceOrientationPortraitUpsideDown UIInterfaceOrientationLandscapeLeft UIInterfaceOrientationLandscapeRight";
				INFOPLIST_KEY_UISupportedInterfaceOrientations_iPhone = "UIInterfaceOrientationPortrait UIInterfaceOrientationLandscapeLeft UIInterfaceOrientationLandscapeRight";
				LD_RUNPATH_SEARCH_PATHS = (
					"$(inherited)",
					"@executable_path/Frameworks",
				);
				MARKETING_VERSION = 1.0;
				PRODUCT_BUNDLE_IDENTIFIER = com.romanus.project.SecondHandMarket;
				PRODUCT_NAME = "$(TARGET_NAME)";
				SWIFT_EMIT_LOC_STRINGS = YES;
				SWIFT_VERSION = 5.0;
				TARGETED_DEVICE_FAMILY = "1,2";
			};
			name = Debug;
		};
		9CBA451A2B95CA8D00951D93 /* Release */ = {
			isa = XCBuildConfiguration;
			baseConfigurationReference = 5D09E0ED468F4C107AC2CCBB /* Pods-SecondHandMarket.release.xcconfig */;
			buildSettings = {
				ASSETCATALOG_COMPILER_APPICON_NAME = AppIcon;
				ASSETCATALOG_COMPILER_GLOBAL_ACCENT_COLOR_NAME = AccentColor;
				CODE_SIGN_STYLE = Automatic;
				CURRENT_PROJECT_VERSION = 1;
				DEVELOPMENT_TEAM = SK4YZUUHN5;
				GENERATE_INFOPLIST_FILE = YES;
				INFOPLIST_FILE = SecondHandMarket/Info.plist;
				INFOPLIST_KEY_UIApplicationSupportsIndirectInputEvents = YES;
				INFOPLIST_KEY_UILaunchStoryboardName = LaunchScreen;
				INFOPLIST_KEY_UIMainStoryboardFile = Main;
				INFOPLIST_KEY_UISupportedInterfaceOrientations_iPad = "UIInterfaceOrientationPortrait UIInterfaceOrientationPortraitUpsideDown UIInterfaceOrientationLandscapeLeft UIInterfaceOrientationLandscapeRight";
				INFOPLIST_KEY_UISupportedInterfaceOrientations_iPhone = "UIInterfaceOrientationPortrait UIInterfaceOrientationLandscapeLeft UIInterfaceOrientationLandscapeRight";
				LD_RUNPATH_SEARCH_PATHS = (
					"$(inherited)",
					"@executable_path/Frameworks",
				);
				MARKETING_VERSION = 1.0;
				PRODUCT_BUNDLE_IDENTIFIER = com.romanus.project.SecondHandMarket;
				PRODUCT_NAME = "$(TARGET_NAME)";
				SWIFT_EMIT_LOC_STRINGS = YES;
				SWIFT_VERSION = 5.0;
				TARGETED_DEVICE_FAMILY = "1,2";
			};
			name = Release;
		};
		9CBA451C2B95CA8D00951D93 /* Debug */ = {
			isa = XCBuildConfiguration;
			baseConfigurationReference = 23F63C497A280CCC0E268ABD /* Pods-SecondHandMarketTests.debug.xcconfig */;
			buildSettings = {
				ALWAYS_EMBED_SWIFT_STANDARD_LIBRARIES = YES;
				BUNDLE_LOADER = "$(TEST_HOST)";
				CODE_SIGN_STYLE = Automatic;
				CURRENT_PROJECT_VERSION = 1;
				DEVELOPMENT_TEAM = SK4YZUUHN5;
				GENERATE_INFOPLIST_FILE = YES;
				IPHONEOS_DEPLOYMENT_TARGET = 17.2;
				MARKETING_VERSION = 1.0;
				PRODUCT_BUNDLE_IDENTIFIER = com.romanus.project.SecondHandMarketTests;
				PRODUCT_NAME = "$(TARGET_NAME)";
				SWIFT_EMIT_LOC_STRINGS = NO;
				SWIFT_VERSION = 5.0;
				TARGETED_DEVICE_FAMILY = "1,2";
				TEST_HOST = "$(BUILT_PRODUCTS_DIR)/SecondHandMarket.app/$(BUNDLE_EXECUTABLE_FOLDER_PATH)/SecondHandMarket";
			};
			name = Debug;
		};
		9CBA451D2B95CA8D00951D93 /* Release */ = {
			isa = XCBuildConfiguration;
			baseConfigurationReference = BAAE9978AF34BCAA05A05AD0 /* Pods-SecondHandMarketTests.release.xcconfig */;
			buildSettings = {
				ALWAYS_EMBED_SWIFT_STANDARD_LIBRARIES = YES;
				BUNDLE_LOADER = "$(TEST_HOST)";
				CODE_SIGN_STYLE = Automatic;
				CURRENT_PROJECT_VERSION = 1;
				DEVELOPMENT_TEAM = SK4YZUUHN5;
				GENERATE_INFOPLIST_FILE = YES;
				IPHONEOS_DEPLOYMENT_TARGET = 17.2;
				MARKETING_VERSION = 1.0;
				PRODUCT_BUNDLE_IDENTIFIER = com.romanus.project.SecondHandMarketTests;
				PRODUCT_NAME = "$(TARGET_NAME)";
				SWIFT_EMIT_LOC_STRINGS = NO;
				SWIFT_VERSION = 5.0;
				TARGETED_DEVICE_FAMILY = "1,2";
				TEST_HOST = "$(BUILT_PRODUCTS_DIR)/SecondHandMarket.app/$(BUNDLE_EXECUTABLE_FOLDER_PATH)/SecondHandMarket";
			};
			name = Release;
		};
		9CBA451F2B95CA8D00951D93 /* Debug */ = {
			isa = XCBuildConfiguration;
			baseConfigurationReference = 46AEC1C8D919673EF81A7F54 /* Pods-SecondHandMarket-SecondHandMarketUITests.debug.xcconfig */;
			buildSettings = {
				ALWAYS_EMBED_SWIFT_STANDARD_LIBRARIES = YES;
				CODE_SIGN_STYLE = Automatic;
				CURRENT_PROJECT_VERSION = 1;
				DEVELOPMENT_TEAM = SK4YZUUHN5;
				GENERATE_INFOPLIST_FILE = YES;
				MARKETING_VERSION = 1.0;
				PRODUCT_BUNDLE_IDENTIFIER = com.romanus.project.SecondHandMarketUITests;
				PRODUCT_NAME = "$(TARGET_NAME)";
				SWIFT_EMIT_LOC_STRINGS = NO;
				SWIFT_VERSION = 5.0;
				TARGETED_DEVICE_FAMILY = "1,2";
				TEST_TARGET_NAME = SecondHandMarket;
			};
			name = Debug;
		};
		9CBA45202B95CA8D00951D93 /* Release */ = {
			isa = XCBuildConfiguration;
			baseConfigurationReference = 01A64DF160C7EE1DDD30210D /* Pods-SecondHandMarket-SecondHandMarketUITests.release.xcconfig */;
			buildSettings = {
				ALWAYS_EMBED_SWIFT_STANDARD_LIBRARIES = YES;
				CODE_SIGN_STYLE = Automatic;
				CURRENT_PROJECT_VERSION = 1;
				DEVELOPMENT_TEAM = SK4YZUUHN5;
				GENERATE_INFOPLIST_FILE = YES;
				MARKETING_VERSION = 1.0;
				PRODUCT_BUNDLE_IDENTIFIER = com.romanus.project.SecondHandMarketUITests;
				PRODUCT_NAME = "$(TARGET_NAME)";
				SWIFT_EMIT_LOC_STRINGS = NO;
				SWIFT_VERSION = 5.0;
				TARGETED_DEVICE_FAMILY = "1,2";
				TEST_TARGET_NAME = SecondHandMarket;
			};
			name = Release;
		};
/* End XCBuildConfiguration section */

/* Begin XCConfigurationList section */
		9CBA44E92B95CA8C00951D93 /* Build configuration list for PBXProject "SecondHandMarket" */ = {
			isa = XCConfigurationList;
			buildConfigurations = (
				9CBA45162B95CA8D00951D93 /* Debug */,
				9CBA45172B95CA8D00951D93 /* Release */,
			);
			defaultConfigurationIsVisible = 0;
			defaultConfigurationName = Release;
		};
		9CBA45182B95CA8D00951D93 /* Build configuration list for PBXNativeTarget "SecondHandMarket" */ = {
			isa = XCConfigurationList;
			buildConfigurations = (
				9CBA45192B95CA8D00951D93 /* Debug */,
				9CBA451A2B95CA8D00951D93 /* Release */,
			);
			defaultConfigurationIsVisible = 0;
			defaultConfigurationName = Release;
		};
		9CBA451B2B95CA8D00951D93 /* Build configuration list for PBXNativeTarget "SecondHandMarketTests" */ = {
			isa = XCConfigurationList;
			buildConfigurations = (
				9CBA451C2B95CA8D00951D93 /* Debug */,
				9CBA451D2B95CA8D00951D93 /* Release */,
			);
			defaultConfigurationIsVisible = 0;
			defaultConfigurationName = Release;
		};
		9CBA451E2B95CA8D00951D93 /* Build configuration list for PBXNativeTarget "SecondHandMarketUITests" */ = {
			isa = XCConfigurationList;
			buildConfigurations = (
				9CBA451F2B95CA8D00951D93 /* Debug */,
				9CBA45202B95CA8D00951D93 /* Release */,
			);
			defaultConfigurationIsVisible = 0;
			defaultConfigurationName = Release;
		};
/* End XCConfigurationList section */

/* Begin XCRemoteSwiftPackageReference section */
		9C457B2A2B973BA500311DB9 /* XCRemoteSwiftPackageReference "RxSwift" */ = {
			isa = XCRemoteSwiftPackageReference;
			repositoryURL = "https://github.com/ReactiveX/RxSwift.git";
			requirement = {
				kind = upToNextMajorVersion;
				minimumVersion = 6.6.0;
			};
		};
		9C5A9B102B9888C000F94231 /* XCRemoteSwiftPackageReference "realm-cocoa" */ = {
			isa = XCRemoteSwiftPackageReference;
			repositoryURL = "https://github.com/realm/realm-cocoa.git";
			requirement = {
				branch = master;
				kind = branch;
			};
		};
		9C5A9B172B98A10800F94231 /* XCRemoteSwiftPackageReference "SwiftMessages" */ = {
			isa = XCRemoteSwiftPackageReference;
			repositoryURL = "https://github.com/SwiftKickMobile/SwiftMessages.git";
			requirement = {
				kind = upToNextMajorVersion;
				minimumVersion = 10.0.0;
			};
		};
		9C5A9B1C2B9F1FF400F94231 /* XCRemoteSwiftPackageReference "lottie-spm" */ = {
			isa = XCRemoteSwiftPackageReference;
			repositoryURL = "https://github.com/airbnb/lottie-spm.git";
			requirement = {
				kind = upToNextMajorVersion;
				minimumVersion = 4.4.1;
			};
		};
		9C84AC902BAADE8F0029BA31 /* XCRemoteSwiftPackageReference "firebase-ios-sdk" */ = {
			isa = XCRemoteSwiftPackageReference;
			repositoryURL = "https://github.com/firebase/firebase-ios-sdk";
			requirement = {
				kind = upToNextMajorVersion;
				minimumVersion = 10.23.0;
			};
		};
		9CBA452E2B960B0200951D93 /* XCRemoteSwiftPackageReference "ReactorKit" */ = {
			isa = XCRemoteSwiftPackageReference;
			repositoryURL = "https://github.com/ReactorKit/ReactorKit.git";
			requirement = {
				kind = upToNextMajorVersion;
				minimumVersion = 3.2.0;
			};
		};
/* End XCRemoteSwiftPackageReference section */

/* Begin XCSwiftPackageProductDependency section */
		9C457B2B2B973BA500311DB9 /* RxCocoa */ = {
			isa = XCSwiftPackageProductDependency;
			package = 9C457B2A2B973BA500311DB9 /* XCRemoteSwiftPackageReference "RxSwift" */;
			productName = RxCocoa;
		};
		9C457B2D2B973BA500311DB9 /* RxRelay */ = {
			isa = XCSwiftPackageProductDependency;
			package = 9C457B2A2B973BA500311DB9 /* XCRemoteSwiftPackageReference "RxSwift" */;
			productName = RxRelay;
		};
		9C457B2F2B973BA500311DB9 /* RxSwift */ = {
			isa = XCSwiftPackageProductDependency;
			package = 9C457B2A2B973BA500311DB9 /* XCRemoteSwiftPackageReference "RxSwift" */;
			productName = RxSwift;
		};
		9C5A9B112B9888C000F94231 /* Realm */ = {
			isa = XCSwiftPackageProductDependency;
			package = 9C5A9B102B9888C000F94231 /* XCRemoteSwiftPackageReference "realm-cocoa" */;
			productName = Realm;
		};
		9C5A9B132B9888C000F94231 /* RealmSwift */ = {
			isa = XCSwiftPackageProductDependency;
			package = 9C5A9B102B9888C000F94231 /* XCRemoteSwiftPackageReference "realm-cocoa" */;
			productName = RealmSwift;
		};
		9C5A9B182B98A10800F94231 /* SwiftMessages */ = {
			isa = XCSwiftPackageProductDependency;
			package = 9C5A9B172B98A10800F94231 /* XCRemoteSwiftPackageReference "SwiftMessages" */;
			productName = SwiftMessages;
		};
		9C5A9B1A2B98A10800F94231 /* SwiftMessages-Dynamic */ = {
			isa = XCSwiftPackageProductDependency;
			package = 9C5A9B172B98A10800F94231 /* XCRemoteSwiftPackageReference "SwiftMessages" */;
			productName = "SwiftMessages-Dynamic";
		};
		9C5A9B1D2B9F1FF400F94231 /* Lottie */ = {
			isa = XCSwiftPackageProductDependency;
			package = 9C5A9B1C2B9F1FF400F94231 /* XCRemoteSwiftPackageReference "lottie-spm" */;
			productName = Lottie;
		};
		9C84AC912BAADE8F0029BA31 /* FirebaseAnalytics */ = {
			isa = XCSwiftPackageProductDependency;
			package = 9C84AC902BAADE8F0029BA31 /* XCRemoteSwiftPackageReference "firebase-ios-sdk" */;
			productName = FirebaseAnalytics;
		};
		9C84AC932BB2E0E50029BA31 /* FirebaseAuth */ = {
			isa = XCSwiftPackageProductDependency;
			package = 9C84AC902BAADE8F0029BA31 /* XCRemoteSwiftPackageReference "firebase-ios-sdk" */;
			productName = FirebaseAuth;
		};
		9C84AC952BB2E2E20029BA31 /* FirebaseFirestore */ = {
			isa = XCSwiftPackageProductDependency;
			package = 9C84AC902BAADE8F0029BA31 /* XCRemoteSwiftPackageReference "firebase-ios-sdk" */;
			productName = FirebaseFirestore;
		};
		9C84AC972BB2E2E20029BA31 /* FirebaseFirestoreCombine-Community */ = {
			isa = XCSwiftPackageProductDependency;
			package = 9C84AC902BAADE8F0029BA31 /* XCRemoteSwiftPackageReference "firebase-ios-sdk" */;
			productName = "FirebaseFirestoreCombine-Community";
		};
		9C84AC9B2BB447100029BA31 /* FirebaseStorage */ = {
			isa = XCSwiftPackageProductDependency;
			package = 9C84AC902BAADE8F0029BA31 /* XCRemoteSwiftPackageReference "firebase-ios-sdk" */;
			productName = FirebaseStorage;
		};
		9CBA452F2B960B0200951D93 /* ReactorKit */ = {
			isa = XCSwiftPackageProductDependency;
			package = 9CBA452E2B960B0200951D93 /* XCRemoteSwiftPackageReference "ReactorKit" */;
			productName = ReactorKit;
		};
/* End XCSwiftPackageProductDependency section */
	};
	rootObject = 9CBA44E62B95CA8C00951D93 /* Project object */;
}
